
Microsoft Visual Studio Solution File, Format Version 12.00
# Visual Studio Version 17
VisualStudioVersion = 17.5.33516.290
MinimumVisualStudioVersion = 10.0.40219.1
Project("{9A19103F-16F7-4668-BE54-9A1E7A4F7556}") = "DependencyInjection", "DependencyInjection.csproj", "{4C4D079A-89CB-442A-9326-C6A3487F9FBE}"
EndProject
Global
	GlobalSection(SolutionConfigurationPlatforms) = preSolution
		Debug|Any CPU = Debug|Any CPU
		Release|Any CPU = Release|Any CPU
	EndGlobalSection
	GlobalSection(ProjectConfigurationPlatforms) = postSolution
		{4C4D079A-89CB-442A-9326-C6A3487F9FBE}.Debug|Any CPU.ActiveCfg = Debug|Any CPU
		{4C4D079A-89CB-442A-9326-C6A3487F9FBE}.Debug|Any CPU.Build.0 = Debug|Any CPU
		{4C4D079A-89CB-442A-9326-C6A3487F9FBE}.Release|Any CPU.ActiveCfg = Release|Any CPU
		{4C4D079A-89CB-442A-9326-C6A3487F9FBE}.Release|Any CPU.Build.0 = Release|Any CPU
	EndGlobalSection
	GlobalSection(SolutionProperties) = preSolution
		HideSolutionNode = FALSE
	EndGlobalSection
	GlobalSection(ExtensibilityGlobals) = postSolution
		SolutionGuid = {0132BF56-7D0F-4E48-A544-81CAE3D64C7C}
	EndGlobalSection
EndGlobal
